
Microsoft Visual Studio Solution File, Format Version 12.00
# Visual Studio Version 17
VisualStudioVersion = 17.12.35527.113 d17.12
MinimumVisualStudioVersion = 10.0.40219.1
Project("{FAE04EC0-301F-11D3-BF4B-00C04F79EFBC}") = "API", "API\API.csproj", "{97333AC1-F4D7-473C-ABA0-050161080679}"
EndProject
Project("{FAE04EC0-301F-11D3-BF4B-00C04F79EFBC}") = "Domain", "Domain\Domain.csproj", "{BA951DED-39D3-4FE2-B6F4-5B84A75BD950}"
EndProject
Project("{FAE04EC0-301F-11D3-BF4B-00C04F79EFBC}") = "Application", "Application\Application.csproj", "{F4C1EAC9-4BF2-468C-929E-753EB958B724}"
EndProject
Project("{FAE04EC0-301F-11D3-BF4B-00C04F79EFBC}") = "Persistence", "Persistence\Persistence.csproj", "{2D7C6A1A-B24F-469B-8475-F11E44FF546C}"
EndProject
Global
	GlobalSection(SolutionConfigurationPlatforms) = preSolution
		Debug|Any CPU = Debug|Any CPU
		Release|Any CPU = Release|Any CPU
	EndGlobalSection
	GlobalSection(ProjectConfigurationPlatforms) = postSolution
		{97333AC1-F4D7-473C-ABA0-050161080679}.Debug|Any CPU.ActiveCfg = Debug|Any CPU
		{97333AC1-F4D7-473C-ABA0-050161080679}.Debug|Any CPU.Build.0 = Debug|Any CPU
		{97333AC1-F4D7-473C-ABA0-050161080679}.Release|Any CPU.ActiveCfg = Release|Any CPU
		{97333AC1-F4D7-473C-ABA0-050161080679}.Release|Any CPU.Build.0 = Release|Any CPU
		{BA951DED-39D3-4FE2-B6F4-5B84A75BD950}.Debug|Any CPU.ActiveCfg = Debug|Any CPU
		{BA951DED-39D3-4FE2-B6F4-5B84A75BD950}.Debug|Any CPU.Build.0 = Debug|Any CPU
		{BA951DED-39D3-4FE2-B6F4-5B84A75BD950}.Release|Any CPU.ActiveCfg = Release|Any CPU
		{BA951DED-39D3-4FE2-B6F4-5B84A75BD950}.Release|Any CPU.Build.0 = Release|Any CPU
		{F4C1EAC9-4BF2-468C-929E-753EB958B724}.Debug|Any CPU.ActiveCfg = Debug|Any CPU
		{F4C1EAC9-4BF2-468C-929E-753EB958B724}.Debug|Any CPU.Build.0 = Debug|Any CPU
		{F4C1EAC9-4BF2-468C-929E-753EB958B724}.Release|Any CPU.ActiveCfg = Release|Any CPU
		{F4C1EAC9-4BF2-468C-929E-753EB958B724}.Release|Any CPU.Build.0 = Release|Any CPU
		{2D7C6A1A-B24F-469B-8475-F11E44FF546C}.Debug|Any CPU.ActiveCfg = Debug|Any CPU
		{2D7C6A1A-B24F-469B-8475-F11E44FF546C}.Debug|Any CPU.Build.0 = Debug|Any CPU
		{2D7C6A1A-B24F-469B-8475-F11E44FF546C}.Release|Any CPU.ActiveCfg = Release|Any CPU
		{2D7C6A1A-B24F-469B-8475-F11E44FF546C}.Release|Any CPU.Build.0 = Release|Any CPU
	EndGlobalSection
	GlobalSection(SolutionProperties) = preSolution
		HideSolutionNode = FALSE
	EndGlobalSection
EndGlobal
